{
  "name": "image-metadata",
  "version": "1.0.0",
  "lockfileVersion": 1,
  "requires": true,
  "dependencies": {
    "@photostructure/tz-lookup": {
      "version": "7.0.0",
      "resolved": "https://registry.npmjs.org/@photostructure/tz-lookup/-/tz-lookup-7.0.0.tgz",
      "integrity": "sha512-pTRsZz7Sn4yAtItC7I4+0segDHosMyOtJgAXg+xvDOolT0Xz4IFWqBV33OMCWoaNd3oQb60wbWhLeCQgJCyZAA=="
    },
    "@types/luxon": {
      "version": "3.3.0",
      "resolved": "https://registry.npmjs.org/@types/luxon/-/luxon-3.3.0.tgz",
      "integrity": "sha512-uKRI5QORDnrGFYgcdAVnHvEIvEZ8noTpP/Bg+HeUzZghwinDlIS87DEenV5r1YoOF9G4x600YsUXLWZ19rmTmg=="
    },
    "batch-cluster": {
      "version": "12.1.0",
      "resolved": "https://registry.npmjs.org/batch-cluster/-/batch-cluster-12.1.0.tgz",
      "integrity": "sha512-whGyJU4tr7kyg2USByu0/51mML5HsLAeNz5s03kMDYZNsQsGgDJgI47RdY3r7MciCjPkTaTD5O4eOVqOfEO7pg=="
    },
    "exiftool-vendored": {
      "version": "22.0.0",
      "resolved": "https://registry.npmjs.org/exiftool-vendored/-/exiftool-vendored-22.0.0.tgz",
      "integrity": "sha512-gBOQ4C2GLjxKPDPRuUbMOz91mG6IFA22L+Z/IQzFotFu20vc7YroqHALf/ophCbANA5sNSArbVDPijP7n/20Jg==",
      "requires": {
        "@photostructure/tz-lookup": "^7.0.0",
        "@types/luxon": "^3.3.0",
        "batch-cluster": "^12.1.0",
        "exiftool-vendored.exe": "12.62.0",
        "exiftool-vendored.pl": "12.62.0",
        "he": "^1.2.0",
        "luxon": "^3.3.0"
      }
    },
    "exiftool-vendored.exe": {
      "version": "12.62.0",
      "resolved": "https://registry.npmjs.org/exiftool-vendored.exe/-/exiftool-vendored.exe-12.62.0.tgz",
      "integrity": "sha512-xNFkvmjwnMg6ivtmkc67w1qD23fIy06nRpMpGuBpTwTqAVatHV+vk7T75zyvLoXRRpd1rKID9XAVLGJCE/iiMQ==",
      "optional": true
    },
    "exiftool-vendored.pl": {
      "version": "12.62.0",
      "resolved": "https://registry.npmjs.org/exiftool-vendored.pl/-/exiftool-vendored.pl-12.62.0.tgz",
      "integrity": "sha512-e0JqrihAs6s7B4Zm/rrTg/pzPB7uUVnK6fwEpTik6PE8N84SGDn3ht4snDqwejZ2mKdmEk8upSygeUe33+yVlw==",
      "optional": true
    },
    "he": {
      "version": "1.2.0",
      "resolved": "https://registry.npmjs.org/he/-/he-1.2.0.tgz",
      "integrity": "sha512-F/1DnUGPopORZi0ni+CvrCgHQ5FyEAHRLSApuYWMmrbSwoN2Mn/7k+Gl38gJnR7yyDZk6WLXwiGod1JOWNDKGw=="
    },
    "luxon": {
      "version": "3.3.0",
      "resolved": "https://registry.npmjs.org/luxon/-/luxon-3.3.0.tgz",
      "integrity": "sha512-An0UCfG/rSiqtAIiBPO0Y9/zAnHUZxAMiCpTd5h2smgsj7GGmcenvrvww2cqNA8/4A5ZrD1gJpHN2mIHZQF+Mg=="
    }
  }
}
